
Microsoft Visual Studio Solution File, Format Version 12.00
# Visual Studio 15
VisualStudioVersion = 15.0.28307.1062
MinimumVisualStudioVersion = 10.0.40219.1
Project("{FAE04EC0-301F-11D3-BF4B-00C04F79EFBC}") = "WebApi", "WebApi\WebApi.csproj", "{780972D0-73C3-4E81-97CB-1BBF002ED41E}"
EndProject
Global
	GlobalSection(SolutionConfigurationPlatforms) = preSolution
		Debug|Any CPU = Debug|Any CPU
		Release|Any CPU = Release|Any CPU
	EndGlobalSection
	GlobalSection(ProjectConfigurationPlatforms) = postSolution
		{780972D0-73C3-4E81-97CB-1BBF002ED41E}.Debug|Any CPU.ActiveCfg = Debug|Any CPU
		{780972D0-73C3-4E81-97CB-1BBF002ED41E}.Debug|Any CPU.Build.0 = Debug|Any CPU
		{780972D0-73C3-4E81-97CB-1BBF002ED41E}.Release|Any CPU.ActiveCfg = Release|Any CPU
		{780972D0-73C3-4E81-97CB-1BBF002ED41E}.Release|Any CPU.Build.0 = Release|Any CPU
	EndGlobalSection
	GlobalSection(SolutionProperties) = preSolution
		HideSolutionNode = FALSE
	EndGlobalSection
	GlobalSection(ExtensibilityGlobals) = postSolution
		SolutionGuid = {9C353B76-DDDB-4669-862E-70FE6A5226D8}
	EndGlobalSection
EndGlobal
